
Microsoft Visual Studio Solution File, Format Version 12.00
# Visual Studio Version 17
VisualStudioVersion = 17.0.31912.275
MinimumVisualStudioVersion = 10.0.40219.1
Project("{FAE04EC0-301F-11D3-BF4B-00C04F79EFBC}") = "OOPASU.API", "OOPASU.API\OOPASU.API.csproj", "{32DB0BAB-0D0B-41BB-B044-65BC915F003D}"
EndProject
Project("{FAE04EC0-301F-11D3-BF4B-00C04F79EFBC}") = "OOPASU.Domain", "OOPASU.Domain\OOPASU.Domain.csproj", "{053B0230-8E0C-4A51-B0E2-5E7CDEFE7E3D}"
EndProject
Project("{FAE04EC0-301F-11D3-BF4B-00C04F79EFBC}") = "OOPASU.Infrastructure", "OOPASU.Infrastructure\OOPASU.Infrastructure.csproj", "{AEFC7274-F44B-4AA7-B757-A8EBAA110BB1}"
EndProject
Global
	GlobalSection(SolutionConfigurationPlatforms) = preSolution
		Debug|Any CPU = Debug|Any CPU
		Release|Any CPU = Release|Any CPU
	EndGlobalSection
	GlobalSection(ProjectConfigurationPlatforms) = postSolution
		{32DB0BAB-0D0B-41BB-B044-65BC915F003D}.Debug|Any CPU.ActiveCfg = Debug|Any CPU
		{32DB0BAB-0D0B-41BB-B044-65BC915F003D}.Debug|Any CPU.Build.0 = Debug|Any CPU
		{32DB0BAB-0D0B-41BB-B044-65BC915F003D}.Release|Any CPU.ActiveCfg = Release|Any CPU
		{32DB0BAB-0D0B-41BB-B044-65BC915F003D}.Release|Any CPU.Build.0 = Release|Any CPU
		{053B0230-8E0C-4A51-B0E2-5E7CDEFE7E3D}.Debug|Any CPU.ActiveCfg = Debug|Any CPU
		{053B0230-8E0C-4A51-B0E2-5E7CDEFE7E3D}.Debug|Any CPU.Build.0 = Debug|Any CPU
		{053B0230-8E0C-4A51-B0E2-5E7CDEFE7E3D}.Release|Any CPU.ActiveCfg = Release|Any CPU
		{053B0230-8E0C-4A51-B0E2-5E7CDEFE7E3D}.Release|Any CPU.Build.0 = Release|Any CPU
		{AEFC7274-F44B-4AA7-B757-A8EBAA110BB1}.Debug|Any CPU.ActiveCfg = Debug|Any CPU
		{AEFC7274-F44B-4AA7-B757-A8EBAA110BB1}.Debug|Any CPU.Build.0 = Debug|Any CPU
		{AEFC7274-F44B-4AA7-B757-A8EBAA110BB1}.Release|Any CPU.ActiveCfg = Release|Any CPU
		{AEFC7274-F44B-4AA7-B757-A8EBAA110BB1}.Release|Any CPU.Build.0 = Release|Any CPU
	EndGlobalSection
	GlobalSection(SolutionProperties) = preSolution
		HideSolutionNode = FALSE
	EndGlobalSection
	GlobalSection(ExtensibilityGlobals) = postSolution
		SolutionGuid = {11F3E613-F68B-41BD-8003-4359450EFD7D}
	EndGlobalSection
EndGlobal
